
Microsoft Visual Studio Solution File, Format Version 12.00
# Visual Studio 15
VisualStudioVersion = 15.0.26430.12
MinimumVisualStudioVersion = 10.0.40219.1
Project("{FAE04EC0-301F-11D3-BF4B-00C04F79EFBC}") = "SanalPosTestAlbaraka", "SanalPosTestAlbaraka\SanalPosTestAlbaraka.csproj", "{A35E4E71-4A59-4AA5-942A-7D8964328992}"
EndProject
Project("{FAE04EC0-301F-11D3-BF4B-00C04F79EFBC}") = "AlBarakaTurkPos", "AlBarakaTurkPos\AlBarakaTurkPos.csproj", "{0C3371CD-CC9C-43CD-9204-5397219A4D45}"
EndProject
Global
	GlobalSection(SolutionConfigurationPlatforms) = preSolution
		Debug|Any CPU = Debug|Any CPU
		Release|Any CPU = Release|Any CPU
	EndGlobalSection
	GlobalSection(ProjectConfigurationPlatforms) = postSolution
		{A35E4E71-4A59-4AA5-942A-7D8964328992}.Debug|Any CPU.ActiveCfg = Debug|Any CPU
		{A35E4E71-4A59-4AA5-942A-7D8964328992}.Debug|Any CPU.Build.0 = Debug|Any CPU
		{A35E4E71-4A59-4AA5-942A-7D8964328992}.Release|Any CPU.ActiveCfg = Release|Any CPU
		{A35E4E71-4A59-4AA5-942A-7D8964328992}.Release|Any CPU.Build.0 = Release|Any CPU
		{0C3371CD-CC9C-43CD-9204-5397219A4D45}.Debug|Any CPU.ActiveCfg = Debug|Any CPU
		{0C3371CD-CC9C-43CD-9204-5397219A4D45}.Debug|Any CPU.Build.0 = Debug|Any CPU
		{0C3371CD-CC9C-43CD-9204-5397219A4D45}.Release|Any CPU.ActiveCfg = Release|Any CPU
		{0C3371CD-CC9C-43CD-9204-5397219A4D45}.Release|Any CPU.Build.0 = Release|Any CPU
	EndGlobalSection
	GlobalSection(SolutionProperties) = preSolution
		HideSolutionNode = FALSE
	EndGlobalSection
EndGlobal
